{
  "requires": true,
  "lockfileVersion": 1,
  "dependencies": {
    "@angular/animations": {
      "version": "11.0.1",
      "resolved": "https://registry.npmjs.org/@angular/animations/-/animations-11.0.1.tgz",
      "integrity": "sha512-RS2ZsO3yidn/dMAllR+V0EX5BOQLQDi5s2kvd4wANHYAkU/yVXWKl09nbe8LTwLVH+iOYX7AAcAUUokQPEEHxQ==",
      "requires": {
        "tslib": "^2.0.0"
      }
    },
    "@angular/cdk": {
      "version": "11.0.0",
      "resolved": "https://registry.npmjs.org/@angular/cdk/-/cdk-11.0.0.tgz",
      "integrity": "sha512-kfgEE/LDYMZB4NICChzWn/nTEeoZ3wxrYsDDcy2Qj+57zUmJcxBLL1h+tawYCy3a1g7ypDLYX7yrbPEBE7/EXQ==",
      "requires": {
        "parse5": "^5.0.0",
        "tslib": "^2.0.0"
      }
    },
    "@angular/common": {
      "version": "11.0.1",
      "resolved": "https://registry.npmjs.org/@angular/common/-/common-11.0.1.tgz",
      "integrity": "sha512-OXUmCQJzhBRzGPMcnUEoAgiGFtury5uycUg3RJB5ush3sdUpItqYZlPc5tG5fHvtMVufIN3o6DrlcTbIomunPQ==",
      "requires": {
        "tslib": "^2.0.0"
      }
    },
    "@angular/core": {
      "version": "11.0.1",
      "resolved": "https://registry.npmjs.org/@angular/core/-/core-11.0.1.tgz",
      "integrity": "sha512-8Xd1YNHPvi32q8+RxEbruQfKGBenucJ2EGBky7108F3kGcnDjm9u+zqdwWjm0ww6VeYh6OsvCnXt303jpX6C4Q==",
      "requires": {
        "tslib": "^2.0.0"
      }
    },
    "@angular/forms": {
      "version": "11.0.1",
      "resolved": "https://registry.npmjs.org/@angular/forms/-/forms-11.0.1.tgz",
      "integrity": "sha512-XbnWP61WjCge8FOWrqxbjtHi+NML04Fy/BJOPX0dmaV2433sH6gqPK61UguOuEJmJ4m2Lo7U32PLELbRjC6hTw==",
      "requires": {
        "tslib": "^2.0.0"
      }
    },
    "@angular/material": {
      "version": "11.0.0",
      "resolved": "https://registry.npmjs.org/@angular/material/-/material-11.0.0.tgz",
      "integrity": "sha512-pTwYmBrRXbEzF5J/oayZF0ApA0tLN+CUl/2MaYFNLzvE/Kn6hIdDb7TonWAEBgeSHIzqzyTV8IUQuXwGaPds9A==",
      "requires": {
        "tslib": "^2.0.0"
      }
    },
    "parse5": {
      "version": "5.1.1",
      "resolved": "https://registry.npmjs.org/parse5/-/parse5-5.1.1.tgz",
      "integrity": "sha512-ugq4DFI0Ptb+WWjAdOK16+u/nHfiIrcE+sh8kZMaM0WllQKLI9rOUq6c2b7cwPkXdzfQESqvoqK6ug7U/Yyzug=="
    },
    "tslib": {
      "version": "2.0.3",
      "resolved": "https://registry.npmjs.org/tslib/-/tslib-2.0.3.tgz",
      "integrity": "sha512-uZtkfKblCEQtZKBF6EBXVZeQNl82yqtDQdv+eck8u7tdPxjLu2/lp5/uPW+um2tpuxINHWy3GhiccY7QgEaVHQ=="
    }
  }
}
